
Microsoft Visual Studio Solution File, Format Version 12.00
# Visual Studio Version 17
VisualStudioVersion = 17.9.34607.119
MinimumVisualStudioVersion = 10.0.40219.1
Project("{9A19103F-16F7-4668-BE54-9A1E7A4F7556}") = "DependencyStore", "di-dotnet\DependencyStore.csproj", "{D955CF9E-36DD-41AD-8620-F344A71941B7}"
EndProject
Global
	GlobalSection(SolutionConfigurationPlatforms) = preSolution
		Debug|Any CPU = Debug|Any CPU
		Release|Any CPU = Release|Any CPU
	EndGlobalSection
	GlobalSection(ProjectConfigurationPlatforms) = postSolution
		{D955CF9E-36DD-41AD-8620-F344A71941B7}.Debug|Any CPU.ActiveCfg = Debug|Any CPU
		{D955CF9E-36DD-41AD-8620-F344A71941B7}.Debug|Any CPU.Build.0 = Debug|Any CPU
		{D955CF9E-36DD-41AD-8620-F344A71941B7}.Release|Any CPU.ActiveCfg = Release|Any CPU
		{D955CF9E-36DD-41AD-8620-F344A71941B7}.Release|Any CPU.Build.0 = Release|Any CPU
	EndGlobalSection
	GlobalSection(SolutionProperties) = preSolution
		HideSolutionNode = FALSE
	EndGlobalSection
	GlobalSection(ExtensibilityGlobals) = postSolution
		SolutionGuid = {8C54C6FE-2200-412A-A7A9-60314178BE9F}
	EndGlobalSection
EndGlobal
